{
  "version": 4,
  "terraform_version": "1.1.7",
  "serial": 177,
  "lineage": "f21b026c-9127-bfa9-5876-059c1052ed29",
  "outputs": {},
  "resources": [
    {
      "mode": "data",
      "type": "azurerm_public_ip",
      "name": "ip-aula",
      "provider": "provider[\"registry.terraform.io/hashicorp/azurerm\"]",
      "instances": [
        {
          "schema_version": 0,
          "attributes": {
            "allocation_method": "Static",
            "domain_name_label": "",
            "fqdn": "",
            "id": "/subscriptions/5e6de608-e287-4577-9091-69cbfbecb4c9/resourceGroups/AulaInfraCloudTerra/providers/Microsoft.Network/publicIPAddresses/ipPub_aula",
            "idle_timeout_in_minutes": 4,
            "ip_address": "40.77.99.27",
            "ip_tags": {},
            "ip_version": "IPv4",
            "location": "centralus",
            "name": "ipPub_aula",
            "resource_group_name": "AulaInfraCloudTerra",
            "reverse_fqdn": "",
            "sku": "Basic",
            "tags": {
              "aluno": "Adriana Sumire"
            },
            "timeouts": null,
            "zones": []
          },
          "sensitive_attributes": []
        }
      ]
    },
    {
      "mode": "managed",
      "type": "azurerm_linux_virtual_machine",
      "name": "vm-aulainfra",
      "provider": "provider[\"registry.terraform.io/hashicorp/azurerm\"]",
      "instances": [
        {
          "schema_version": 0,
          "attributes": {
            "additional_capabilities": [],
            "admin_password": "Password1234!",
            "admin_ssh_key": [],
            "admin_username": "adminuser",
            "allow_extension_operations": true,
            "availability_set_id": "",
            "boot_diagnostics": [
              {
                "storage_account_uri": "https://storageaulainfra.blob.core.windows.net/"
              }
            ],
            "computer_name": "vm-Apache",
            "custom_data": null,
            "dedicated_host_group_id": "",
            "dedicated_host_id": "",
            "disable_password_authentication": false,
            "edge_zone": "",
            "encryption_at_host_enabled": false,
            "eviction_policy": "",
            "extensions_time_budget": "PT1H30M",
            "id": "/subscriptions/5e6de608-e287-4577-9091-69cbfbecb4c9/resourceGroups/AulaInfraCloudTerra/providers/Microsoft.Compute/virtualMachines/vm-Apache",
            "identity": [],
            "license_type": "",
            "location": "centralus",
            "max_bid_price": -1,
            "name": "vm-Apache",
            "network_interface_ids": [
              "/subscriptions/5e6de608-e287-4577-9091-69cbfbecb4c9/resourceGroups/AulaInfraCloudTerra/providers/Microsoft.Network/networkInterfaces/nic_aula"
            ],
            "os_disk": [
              {
                "caching": "ReadWrite",
                "diff_disk_settings": [],
                "disk_encryption_set_id": "",
                "disk_size_gb": 30,
                "name": "myDisk",
                "storage_account_type": "Premium_LRS",
                "write_accelerator_enabled": false
              }
            ],
            "patch_mode": "ImageDefault",
            "plan": [],
            "platform_fault_domain": -1,
            "priority": "Regular",
            "private_ip_address": "10.0.1.4",
            "private_ip_addresses": [
              "10.0.1.4"
            ],
            "provision_vm_agent": true,
            "proximity_placement_group_id": "",
            "public_ip_address": "40.77.99.27",
            "public_ip_addresses": [
              "40.77.99.27"
            ],
            "resource_group_name": "AulaInfraCloudTerra",
            "secret": [],
            "secure_boot_enabled": false,
            "size": "Standard_L8s_v2",
            "source_image_id": "",
            "source_image_reference": [
              {
                "offer": "UbuntuServer",
                "publisher": "Canonical",
                "sku": "16.04-LTS",
                "version": "latest"
              }
            ],
            "tags": {
              "environment": "staging"
            },
            "termination_notification": null,
            "timeouts": null,
            "user_data": "",
            "virtual_machine_id": "4b6af437-66a0-48d0-865a-0271078f81c5",
            "virtual_machine_scale_set_id": "",
            "vtpm_enabled": false,
            "zone": ""
          },
          "sensitive_attributes": [],
          "private": "eyJlMmJmYjczMC1lY2FhLTExZTYtOGY4OC0zNDM2M2JjN2M0YzAiOnsiY3JlYXRlIjoyNzAwMDAwMDAwMDAwLCJkZWxldGUiOjI3MDAwMDAwMDAwMDAsInJlYWQiOjMwMDAwMDAwMDAwMCwidXBkYXRlIjoyNzAwMDAwMDAwMDAwfX0=",
          "dependencies": [
            "azurerm_network_interface.nic-aulainfra",
            "azurerm_public_ip.ip-aulainfra",
            "azurerm_resource_group.rg-aulainfra",
            "azurerm_storage_account.storageaulainfra",
            "azurerm_subnet.sub-aulainfra",
            "azurerm_virtual_network.vnet-aulainfra"
          ]
        }
      ]
    },
    {
      "mode": "managed",
      "type": "azurerm_network_interface",
      "name": "nic-aulainfra",
      "provider": "provider[\"registry.terraform.io/hashicorp/azurerm\"]",
      "instances": [
        {
          "schema_version": 0,
          "attributes": {
            "applied_dns_servers": [],
            "dns_servers": [],
            "edge_zone": "",
            "enable_accelerated_networking": false,
            "enable_ip_forwarding": false,
            "id": "/subscriptions/5e6de608-e287-4577-9091-69cbfbecb4c9/resourceGroups/AulaInfraCloudTerra/providers/Microsoft.Network/networkInterfaces/nic_aula",
            "internal_dns_name_label": "",
            "internal_domain_name_suffix": "iyx151oirw1ejlevznjmu4xagd.gx.internal.cloudapp.net",
            "ip_configuration": [
              {
                "gateway_load_balancer_frontend_ip_configuration_id": "",
                "name": "nic_ip_aula",
                "primary": true,
                "private_ip_address": "10.0.1.4",
                "private_ip_address_allocation": "Dynamic",
                "private_ip_address_version": "IPv4",
                "public_ip_address_id": "/subscriptions/5e6de608-e287-4577-9091-69cbfbecb4c9/resourceGroups/AulaInfraCloudTerra/providers/Microsoft.Network/publicIPAddresses/ipPub_aula",
                "subnet_id": "/subscriptions/5e6de608-e287-4577-9091-69cbfbecb4c9/resourceGroups/AulaInfraCloudTerra/providers/Microsoft.Network/virtualNetworks/vnet_aula/subnets/subnet_aula"
              }
            ],
            "location": "centralus",
            "mac_address": "",
            "name": "nic_aula",
            "private_ip_address": "10.0.1.4",
            "private_ip_addresses": [
              "10.0.1.4"
            ],
            "resource_group_name": "AulaInfraCloudTerra",
            "tags": null,
            "timeouts": null,
            "virtual_machine_id": ""
          },
          "sensitive_attributes": [],
          "private": "eyJlMmJmYjczMC1lY2FhLTExZTYtOGY4OC0zNDM2M2JjN2M0YzAiOnsiY3JlYXRlIjoxODAwMDAwMDAwMDAwLCJkZWxldGUiOjE4MDAwMDAwMDAwMDAsInJlYWQiOjMwMDAwMDAwMDAwMCwidXBkYXRlIjoxODAwMDAwMDAwMDAwfX0=",
          "dependencies": [
            "azurerm_public_ip.ip-aulainfra",
            "azurerm_resource_group.rg-aulainfra",
            "azurerm_subnet.sub-aulainfra",
            "azurerm_virtual_network.vnet-aulainfra"
          ]
        }
      ]
    },
    {
      "mode": "managed",
      "type": "azurerm_network_interface_security_group_association",
      "name": "nic-nsg-aulainfra",
      "provider": "provider[\"registry.terraform.io/hashicorp/azurerm\"]",
      "instances": [
        {
          "schema_version": 0,
          "attributes": {
            "id": "/subscriptions/5e6de608-e287-4577-9091-69cbfbecb4c9/resourceGroups/AulaInfraCloudTerra/providers/Microsoft.Network/networkInterfaces/nic_aula|/subscriptions/5e6de608-e287-4577-9091-69cbfbecb4c9/resourceGroups/AulaInfraCloudTerra/providers/Microsoft.Network/networkSecurityGroups/nsg_aula",
            "network_interface_id": "/subscriptions/5e6de608-e287-4577-9091-69cbfbecb4c9/resourceGroups/AulaInfraCloudTerra/providers/Microsoft.Network/networkInterfaces/nic_aula",
            "network_security_group_id": "/subscriptions/5e6de608-e287-4577-9091-69cbfbecb4c9/resourceGroups/AulaInfraCloudTerra/providers/Microsoft.Network/networkSecurityGroups/nsg_aula",
            "timeouts": null
          },
          "sensitive_attributes": [],
          "private": "eyJlMmJmYjczMC1lY2FhLTExZTYtOGY4OC0zNDM2M2JjN2M0YzAiOnsiY3JlYXRlIjoxODAwMDAwMDAwMDAwLCJkZWxldGUiOjE4MDAwMDAwMDAwMDAsInJlYWQiOjMwMDAwMDAwMDAwMCwidXBkYXRlIjoxODAwMDAwMDAwMDAwfX0=",
          "dependencies": [
            "azurerm_network_interface.nic-aulainfra",
            "azurerm_network_security_group.nsg-aulainfra",
            "azurerm_public_ip.ip-aulainfra",
            "azurerm_resource_group.rg-aulainfra",
            "azurerm_subnet.sub-aulainfra",
            "azurerm_virtual_network.vnet-aulainfra"
          ]
        }
      ]
    },
    {
      "mode": "managed",
      "type": "azurerm_network_security_group",
      "name": "nsg-aulainfra",
      "provider": "provider[\"registry.terraform.io/hashicorp/azurerm\"]",
      "instances": [
        {
          "schema_version": 0,
          "attributes": {
            "id": "/subscriptions/5e6de608-e287-4577-9091-69cbfbecb4c9/resourceGroups/AulaInfraCloudTerra/providers/Microsoft.Network/networkSecurityGroups/nsg_aula",
            "location": "centralus",
            "name": "nsg_aula",
            "resource_group_name": "AulaInfraCloudTerra",
            "security_rule": [
              {
                "access": "Allow",
                "description": "",
                "destination_address_prefix": "*",
                "destination_address_prefixes": [],
                "destination_application_security_group_ids": [],
                "destination_port_range": "22",
                "destination_port_ranges": [],
                "direction": "Inbound",
                "name": "SSH",
                "priority": 100,
                "protocol": "Tcp",
                "source_address_prefix": "*",
                "source_address_prefixes": [],
                "source_application_security_group_ids": [],
                "source_port_range": "*",
                "source_port_ranges": []
              },
              {
                "access": "Allow",
                "description": "",
                "destination_address_prefix": "*",
                "destination_address_prefixes": [],
                "destination_application_security_group_ids": [],
                "destination_port_range": "8080",
                "destination_port_ranges": [],
                "direction": "Inbound",
                "name": "web",
                "priority": 101,
                "protocol": "Tcp",
                "source_address_prefix": "*",
                "source_address_prefixes": [],
                "source_application_security_group_ids": [],
                "source_port_range": "*",
                "source_port_ranges": []
              }
            ],
            "tags": {
              "aluno": "Adriana Sumire"
            },
            "timeouts": null
          },
          "sensitive_attributes": [],
          "private": "eyJlMmJmYjczMC1lY2FhLTExZTYtOGY4OC0zNDM2M2JjN2M0YzAiOnsiY3JlYXRlIjoxODAwMDAwMDAwMDAwLCJkZWxldGUiOjE4MDAwMDAwMDAwMDAsInJlYWQiOjMwMDAwMDAwMDAwMCwidXBkYXRlIjoxODAwMDAwMDAwMDAwfX0=",
          "dependencies": [
            "azurerm_resource_group.rg-aulainfra"
          ]
        }
      ]
    },
    {
      "mode": "managed",
      "type": "azurerm_public_ip",
      "name": "ip-aulainfra",
      "provider": "provider[\"registry.terraform.io/hashicorp/azurerm\"]",
      "instances": [
        {
          "schema_version": 0,
          "attributes": {
            "allocation_method": "Static",
            "domain_name_label": null,
            "edge_zone": "",
            "fqdn": null,
            "id": "/subscriptions/5e6de608-e287-4577-9091-69cbfbecb4c9/resourceGroups/AulaInfraCloudTerra/providers/Microsoft.Network/publicIPAddresses/ipPub_aula",
            "idle_timeout_in_minutes": 4,
            "ip_address": "40.77.99.27",
            "ip_tags": null,
            "ip_version": "IPv4",
            "location": "centralus",
            "name": "ipPub_aula",
            "public_ip_prefix_id": null,
            "resource_group_name": "AulaInfraCloudTerra",
            "reverse_fqdn": null,
            "sku": "Basic",
            "sku_tier": "Regional",
            "tags": {
              "aluno": "Adriana Sumire"
            },
            "timeouts": null,
            "zones": null
          },
          "sensitive_attributes": [],
          "private": "eyJlMmJmYjczMC1lY2FhLTExZTYtOGY4OC0zNDM2M2JjN2M0YzAiOnsiY3JlYXRlIjoxODAwMDAwMDAwMDAwLCJkZWxldGUiOjE4MDAwMDAwMDAwMDAsInJlYWQiOjMwMDAwMDAwMDAwMCwidXBkYXRlIjoxODAwMDAwMDAwMDAwfX0=",
          "dependencies": [
            "azurerm_resource_group.rg-aulainfra"
          ]
        }
      ]
    },
    {
      "mode": "managed",
      "type": "azurerm_resource_group",
      "name": "rg-aulainfra",
      "provider": "provider[\"registry.terraform.io/hashicorp/azurerm\"]",
      "instances": [
        {
          "schema_version": 0,
          "attributes": {
            "id": "/subscriptions/5e6de608-e287-4577-9091-69cbfbecb4c9/resourceGroups/AulaInfraCloudTerra",
            "location": "centralus",
            "name": "AulaInfraCloudTerra",
            "tags": null,
            "timeouts": null
          },
          "sensitive_attributes": [],
          "private": "eyJlMmJmYjczMC1lY2FhLTExZTYtOGY4OC0zNDM2M2JjN2M0YzAiOnsiY3JlYXRlIjo1NDAwMDAwMDAwMDAwLCJkZWxldGUiOjU0MDAwMDAwMDAwMDAsInJlYWQiOjMwMDAwMDAwMDAwMCwidXBkYXRlIjo1NDAwMDAwMDAwMDAwfX0="
        }
      ]
    },
    {
      "mode": "managed",
      "type": "azurerm_storage_account",
      "name": "storageaulainfra",
      "provider": "provider[\"registry.terraform.io/hashicorp/azurerm\"]",
      "instances": [
        {
          "schema_version": 3,
          "attributes": {
            "access_tier": "Hot",
            "account_kind": "StorageV2",
            "account_replication_type": "LRS",
            "account_tier": "Standard",
            "allow_nested_items_to_be_public": true,
            "azure_files_authentication": [],
            "blob_properties": [
              {
                "change_feed_enabled": false,
                "container_delete_retention_policy": [],
                "cors_rule": [],
                "default_service_version": "",
                "delete_retention_policy": [],
                "last_access_time_enabled": false,
                "versioning_enabled": false
              }
            ],
            "custom_domain": [],
            "customer_managed_key": [],
            "edge_zone": "",
            "enable_https_traffic_only": true,
            "id": "/subscriptions/5e6de608-e287-4577-9091-69cbfbecb4c9/resourceGroups/AulaInfraCloudTerra/providers/Microsoft.Storage/storageAccounts/storageaulainfra",
            "identity": [],
            "infrastructure_encryption_enabled": false,
            "is_hns_enabled": false,
            "large_file_share_enabled": null,
            "location": "centralus",
            "min_tls_version": "TLS1_2",
            "name": "storageaulainfra",
            "network_rules": [
              {
                "bypass": [
                  "AzureServices"
                ],
                "default_action": "Allow",
                "ip_rules": [],
                "private_link_access": [],
                "virtual_network_subnet_ids": []
              }
            ],
            "nfsv3_enabled": false,
            "primary_access_key": "YklJHZ8q7yseUluvXizVtmVf4DXyU3x5K4Ae5r1/3y8S6Wvjp11T7puORS6unt/UnELwU2yHcmzZ9blyKMP9Zg==",
            "primary_blob_connection_string": "DefaultEndpointsProtocol=https;BlobEndpoint=https://storageaulainfra.blob.core.windows.net/;AccountName=storageaulainfra;AccountKey=YklJHZ8q7yseUluvXizVtmVf4DXyU3x5K4Ae5r1/3y8S6Wvjp11T7puORS6unt/UnELwU2yHcmzZ9blyKMP9Zg==",
            "primary_blob_endpoint": "https://storageaulainfra.blob.core.windows.net/",
            "primary_blob_host": "storageaulainfra.blob.core.windows.net",
            "primary_connection_string": "DefaultEndpointsProtocol=https;AccountName=storageaulainfra;AccountKey=YklJHZ8q7yseUluvXizVtmVf4DXyU3x5K4Ae5r1/3y8S6Wvjp11T7puORS6unt/UnELwU2yHcmzZ9blyKMP9Zg==;EndpointSuffix=core.windows.net",
            "primary_dfs_endpoint": "https://storageaulainfra.dfs.core.windows.net/",
            "primary_dfs_host": "storageaulainfra.dfs.core.windows.net",
            "primary_file_endpoint": "https://storageaulainfra.file.core.windows.net/",
            "primary_file_host": "storageaulainfra.file.core.windows.net",
            "primary_location": "centralus",
            "primary_queue_endpoint": "https://storageaulainfra.queue.core.windows.net/",
            "primary_queue_host": "storageaulainfra.queue.core.windows.net",
            "primary_table_endpoint": "https://storageaulainfra.table.core.windows.net/",
            "primary_table_host": "storageaulainfra.table.core.windows.net",
            "primary_web_endpoint": "https://storageaulainfra.z19.web.core.windows.net/",
            "primary_web_host": "storageaulainfra.z19.web.core.windows.net",
            "queue_encryption_key_type": "Service",
            "queue_properties": [
              {
                "cors_rule": [],
                "hour_metrics": [
                  {
                    "enabled": true,
                    "include_apis": true,
                    "retention_policy_days": 7,
                    "version": "1.0"
                  }
                ],
                "logging": [
                  {
                    "delete": false,
                    "read": false,
                    "retention_policy_days": 0,
                    "version": "1.0",
                    "write": false
                  }
                ],
                "minute_metrics": [
                  {
                    "enabled": false,
                    "include_apis": false,
                    "retention_policy_days": 0,
                    "version": "1.0"
                  }
                ]
              }
            ],
            "resource_group_name": "AulaInfraCloudTerra",
            "routing": [],
            "secondary_access_key": "gMAukAZ/cBnc2DK7lqS3HVMHdapFamuj1DCX7mSb039uWejzqwThpKugVlXRfFYKKYXKgqgx4ld+iF3czsrQ4w==",
            "secondary_blob_connection_string": "",
            "secondary_blob_endpoint": null,
            "secondary_blob_host": null,
            "secondary_connection_string": "DefaultEndpointsProtocol=https;AccountName=storageaulainfra;AccountKey=gMAukAZ/cBnc2DK7lqS3HVMHdapFamuj1DCX7mSb039uWejzqwThpKugVlXRfFYKKYXKgqgx4ld+iF3czsrQ4w==;EndpointSuffix=core.windows.net",
            "secondary_dfs_endpoint": null,
            "secondary_dfs_host": null,
            "secondary_file_endpoint": null,
            "secondary_file_host": null,
            "secondary_location": "",
            "secondary_queue_endpoint": null,
            "secondary_queue_host": null,
            "secondary_table_endpoint": null,
            "secondary_table_host": null,
            "secondary_web_endpoint": null,
            "secondary_web_host": null,
            "share_properties": [
              {
                "cors_rule": [],
                "retention_policy": [
                  {
                    "days": 7
                  }
                ],
                "smb": []
              }
            ],
            "shared_access_key_enabled": true,
            "static_website": [],
            "table_encryption_key_type": "Service",
            "tags": null,
            "timeouts": null
          },
          "sensitive_attributes": [],
          "private": "eyJlMmJmYjczMC1lY2FhLTExZTYtOGY4OC0zNDM2M2JjN2M0YzAiOnsiY3JlYXRlIjozNjAwMDAwMDAwMDAwLCJkZWxldGUiOjM2MDAwMDAwMDAwMDAsInJlYWQiOjMwMDAwMDAwMDAwMCwidXBkYXRlIjozNjAwMDAwMDAwMDAwfSwic2NoZW1hX3ZlcnNpb24iOiIzIn0=",
          "dependencies": [
            "azurerm_resource_group.rg-aulainfra"
          ]
        }
      ]
    },
    {
      "mode": "managed",
      "type": "azurerm_subnet",
      "name": "sub-aulainfra",
      "provider": "provider[\"registry.terraform.io/hashicorp/azurerm\"]",
      "instances": [
        {
          "schema_version": 0,
          "attributes": {
            "address_prefixes": [
              "10.0.1.0/24"
            ],
            "delegation": [],
            "enforce_private_link_endpoint_network_policies": false,
            "enforce_private_link_service_network_policies": false,
            "id": "/subscriptions/5e6de608-e287-4577-9091-69cbfbecb4c9/resourceGroups/AulaInfraCloudTerra/providers/Microsoft.Network/virtualNetworks/vnet_aula/subnets/subnet_aula",
            "name": "subnet_aula",
            "resource_group_name": "AulaInfraCloudTerra",
            "service_endpoint_policy_ids": null,
            "service_endpoints": null,
            "timeouts": null,
            "virtual_network_name": "vnet_aula"
          },
          "sensitive_attributes": [],
          "private": "eyJlMmJmYjczMC1lY2FhLTExZTYtOGY4OC0zNDM2M2JjN2M0YzAiOnsiY3JlYXRlIjoxODAwMDAwMDAwMDAwLCJkZWxldGUiOjE4MDAwMDAwMDAwMDAsInJlYWQiOjMwMDAwMDAwMDAwMCwidXBkYXRlIjoxODAwMDAwMDAwMDAwfX0=",
          "dependencies": [
            "azurerm_resource_group.rg-aulainfra",
            "azurerm_virtual_network.vnet-aulainfra"
          ]
        }
      ]
    },
    {
      "mode": "managed",
      "type": "azurerm_virtual_network",
      "name": "vnet-aulainfra",
      "provider": "provider[\"registry.terraform.io/hashicorp/azurerm\"]",
      "instances": [
        {
          "schema_version": 0,
          "attributes": {
            "address_space": [
              "10.0.0.0/16"
            ],
            "bgp_community": "",
            "ddos_protection_plan": [],
            "dns_servers": [],
            "edge_zone": "",
            "flow_timeout_in_minutes": 0,
            "guid": "edbf2f46-8dc8-44b6-ac95-cb52ca7ae033",
            "id": "/subscriptions/5e6de608-e287-4577-9091-69cbfbecb4c9/resourceGroups/AulaInfraCloudTerra/providers/Microsoft.Network/virtualNetworks/vnet_aula",
            "location": "centralus",
            "name": "vnet_aula",
            "resource_group_name": "AulaInfraCloudTerra",
            "subnet": [],
            "tags": {
              "aluno": "Adriana Sumire"
            },
            "timeouts": null
          },
          "sensitive_attributes": [],
          "private": "eyJlMmJmYjczMC1lY2FhLTExZTYtOGY4OC0zNDM2M2JjN2M0YzAiOnsiY3JlYXRlIjoxODAwMDAwMDAwMDAwLCJkZWxldGUiOjE4MDAwMDAwMDAwMDAsInJlYWQiOjMwMDAwMDAwMDAwMCwidXBkYXRlIjoxODAwMDAwMDAwMDAwfX0=",
          "dependencies": [
            "azurerm_resource_group.rg-aulainfra"
          ]
        }
      ]
    },
    {
      "mode": "managed",
      "type": "null_resource",
      "name": "install-apache",
      "provider": "provider[\"registry.terraform.io/hashicorp/null\"]",
      "instances": [
        {
          "schema_version": 0,
          "attributes": {
            "id": "3543180264889580654",
            "triggers": null
          },
          "sensitive_attributes": [],
          "private": "bnVsbA==",
          "dependencies": [
            "azurerm_linux_virtual_machine.vm-aulainfra",
            "azurerm_network_interface.nic-aulainfra",
            "azurerm_public_ip.ip-aulainfra",
            "azurerm_resource_group.rg-aulainfra",
            "azurerm_storage_account.storageaulainfra",
            "azurerm_subnet.sub-aulainfra",
            "azurerm_virtual_network.vnet-aulainfra",
            "data.azurerm_public_ip.ip-aula"
          ]
        }
      ]
    },
    {
      "mode": "managed",
      "type": "null_resource",
      "name": "upload-app",
      "provider": "provider[\"registry.terraform.io/hashicorp/null\"]",
      "instances": [
        {
          "schema_version": 0,
          "attributes": {
            "id": "8074923149874350669",
            "triggers": null
          },
          "sensitive_attributes": [],
          "private": "bnVsbA==",
          "dependencies": [
            "azurerm_linux_virtual_machine.vm-aulainfra",
            "azurerm_network_interface.nic-aulainfra",
            "azurerm_public_ip.ip-aulainfra",
            "azurerm_resource_group.rg-aulainfra",
            "azurerm_storage_account.storageaulainfra",
            "azurerm_subnet.sub-aulainfra",
            "azurerm_virtual_network.vnet-aulainfra",
            "data.azurerm_public_ip.ip-aula"
          ]
        }
      ]
    }
  ]
}
